{
  "name": "e21",
  "version": "1.0.0",
  "lockfileVersion": 1,
  "requires": true,
  "dependencies": {
    "@fontsource/montserrat": {
      "version": "4.5.14",
      "resolved": "https://registry.npmjs.org/@fontsource/montserrat/-/montserrat-4.5.14.tgz",
      "integrity": "sha512-fTvrteVzuFUePhr4QYBGoK8G/YHLJ3IhF1HhKg0AxcFvZajJT7rM7ULdmKLSd2PkX44R3aaFZq1zDbmjbGGI+w=="
    },
    "@fontsource/source-sans-pro": {
      "version": "4.5.11",
      "resolved": "https://registry.npmjs.org/@fontsource/source-sans-pro/-/source-sans-pro-4.5.11.tgz",
      "integrity": "sha512-f7iw44q1EjBv3MNcHCGAgrW/QVyweaEouFsJzykPhTOGnZFSwFJRISToXornOmuAy7xUUGiVdqOLiykgZoYB8A=="
    },
    "bootstrap": {
      "version": "5.2.3",
      "resolved": "https://registry.npmjs.org/bootstrap/-/bootstrap-5.2.3.tgz",
      "integrity": "sha512-cEKPM+fwb3cT8NzQZYEu4HilJ3anCrWqh3CHAok1p9jXqMPsPTBhU25fBckEJHJ/p+tTxTFTsFQGM+gaHpi3QQ=="
    },
    "material-icons": {
      "version": "1.13.6",
      "resolved": "https://registry.npmjs.org/material-icons/-/material-icons-1.13.6.tgz",
      "integrity": "sha512-I9NjTMwdmq7QECY92ReLqbhWtUZmjlE0eX9UbIHFsSbT7wRp3aj/3ZbuHLFb9w96HG0S4pWbVQjwTQLxyfYyEg=="
    }
  }
}
